{
  "name": "dc-sync-time",
  "version": "1.0.0",
  "lockfileVersion": 3,
  "requires": true,
  "packages": {
    "": {
      "name": "dc-sync-time",
      "version": "1.0.0",
      "license": "ISC",
      "dependencies": {
        "dc-db-local": "file:../database/local",
        "dc-db-smdb": "file:../database/smdb",
        "dc-logger": "file:../logger",
        "dotenv": "^16.4.7",
        "eventsource": "^3.0.5"
      },
      "devDependencies": {
        "@types/node": "^22.13.9",
        "typescript": "^5.8.2"
      }
    },
    "../database/local": {
      "name": "dc-db-local",
      "version": "1.0.0",
      "license": "ISC",
      "dependencies": {
        "@prisma/client": "^6.4.1",
        "dotenv": "^16.4.7"
      },
      "devDependencies": {
        "@types/node": "^22.13.9",
        "prisma": "^6.4.1",
        "typescript": "^5.8.2"
      }
    },
    "../database/smdb": {
      "name": "dc-db-smdb",
      "version": "1.0.0",
      "dependencies": {
        "@prisma/client": "^6.4.1",
        "dc-db-local": "file:../local",
        "dotenv": "^16.4.7"
      },
      "devDependencies": {
        "@types/node": "^22.13.9",
        "prisma": "^6.4.1",
        "typescript": "^5.8.2"
      }
    },
    "../logger": {
      "name": "dc-logger",
      "version": "1.0.0",
      "license": "ISC",
      "dependencies": {
        "dotenv": "^16.4.7",
        "pino": "^9.6.0",
        "pino-pretty": "^13.0.0"
      },
      "devDependencies": {
        "@types/node": "^22.13.9",
        "typescript": "^5.8.2"
      }
    },
    "node_modules/@types/node": {
      "version": "22.13.9",
      "resolved": "https://registry.npmjs.org/@types/node/-/node-22.13.9.tgz",
      "integrity": "sha512-acBjXdRJ3A6Pb3tqnw9HZmyR3Fiol3aGxRCK1x3d+6CDAMjl7I649wpSd+yNURCjbOUGu9tqtLKnTGxmK6CyGw==",
      "dev": true,
      "license": "MIT",
      "dependencies": {
        "undici-types": "~6.20.0"
      }
    },
    "node_modules/dc-db-local": {
      "resolved": "../database/local",
      "link": true
    },
    "node_modules/dc-db-smdb": {
      "resolved": "../database/smdb",
      "link": true
    },
    "node_modules/dc-logger": {
      "resolved": "../logger",
      "link": true
    },
    "node_modules/dotenv": {
      "version": "16.4.7",
      "resolved": "https://registry.npmjs.org/dotenv/-/dotenv-16.4.7.tgz",
      "integrity": "sha512-47qPchRCykZC03FhkYAhrvwU4xDBFIj1QPqaarj6mdM/hgUzfPHcpkHJOn3mJAufFeeAxAzeGsr5X0M4k6fLZQ==",
      "license": "BSD-2-Clause",
      "engines": {
        "node": ">=12"
      },
      "funding": {
        "url": "https://dotenvx.com"
      }
    },
    "node_modules/eventsource": {
      "version": "3.0.5",
      "resolved": "https://registry.npmjs.org/eventsource/-/eventsource-3.0.5.tgz",
      "integrity": "sha512-LT/5J605bx5SNyE+ITBDiM3FxffBiq9un7Vx0EwMDM3vg8sWKx/tO2zC+LMqZ+smAM0F2hblaDZUVZF0te2pSw==",
      "license": "MIT",
      "dependencies": {
        "eventsource-parser": "^3.0.0"
      },
      "engines": {
        "node": ">=18.0.0"
      }
    },
    "node_modules/eventsource-parser": {
      "version": "3.0.0",
      "resolved": "https://registry.npmjs.org/eventsource-parser/-/eventsource-parser-3.0.0.tgz",
      "integrity": "sha512-T1C0XCUimhxVQzW4zFipdx0SficT651NnkR0ZSH3yQwh+mFMdLfgjABVi4YtMTtaL4s168593DaoaRLMqryavA==",
      "license": "MIT",
      "engines": {
        "node": ">=18.0.0"
      }
    },
    "node_modules/typescript": {
      "version": "5.8.2",
      "resolved": "https://registry.npmjs.org/typescript/-/typescript-5.8.2.tgz",
      "integrity": "sha512-aJn6wq13/afZp/jT9QZmwEjDqqvSGp1VT5GVg+f/t6/oVyrgXM6BY1h9BRh/O5p3PlUPAe+WuiEZOmb/49RqoQ==",
      "dev": true,
      "license": "Apache-2.0",
      "bin": {
        "tsc": "bin/tsc",
        "tsserver": "bin/tsserver"
      },
      "engines": {
        "node": ">=14.17"
      }
    },
    "node_modules/undici-types": {
      "version": "6.20.0",
      "resolved": "https://registry.npmjs.org/undici-types/-/undici-types-6.20.0.tgz",
      "integrity": "sha512-Ny6QZ2Nju20vw1SRHe3d9jVu6gJ+4e3+MMpqu7pqE5HT6WsTSlce++GQmK5UXS8mzV8DSYHrQH+Xrf2jVcuKNg==",
      "dev": true,
      "license": "MIT"
    }
  }
}
